<Solution>
  <Project Path="src/Vestigium.Controls/Vestigium.Controls.csproj" />
  <Folder Name="/Library/">
    <Project Path="src/Vestigium.Controls.NumericUpDown/Vestigium.Controls.NumericUpDown.csproj" />
    <Project Path="src/Vestigium.Controls.PropertiesGrid/Vestigium.Controls.PropertiesGrid.csproj" />
    <Project Path="src/Vestigium.Controls.QueryBar/Vestigium.Controls.QueryBar.csproj" />
    <Project Path="src/Vestigium.Controls.StatusBar/Vestigium.Controls.StatusBar.csproj" />
    <Project Path="src/Vestigium.Controls.UnderConstruction/Vestigium.Controls.UnderConstruction.csproj" />
  </Folder>
  <Folder Name="/Samples/">
    <Project Path="samples/Vestigium.Controls.ThemeLab/Vestigium.Controls.ThemeLab.csproj" />
  </Folder>
  <Folder Name="/Tests/">
    <Project Path="src/Vestigium.Controls.Tests/Vestigium.Controls.Tests.csproj" />
  </Folder>
</Solution>
